// !$*UTF8*$!
{
	archiveVersion = 1;
	classes = {
	};
	objectVersion = 56;
	objects = {

/* Begin PBXBuildFile section */
		1A47CCAE28DE1F3F0040AAC1 /* sandBoxApp.swift in Sources */ = {isa = PBXBuildFile; fileRef = 1A47CCAD28DE1F3F0040AAC1 /* sandBoxApp.swift */; };
		1A47CCB028DE1F3F0040AAC1 /* View1.swift in Sources */ = {isa = PBXBuildFile; fileRef = 1A47CCAF28DE1F3F0040AAC1 /* View1.swift */; };
		1A47CCB228DE1F410040AAC1 /* Assets.xcassets in Resources */ = {isa = PBXBuildFile; fileRef = 1A47CCB128DE1F410040AAC1 /* Assets.xcassets */; };
		1A47CCB528DE1F410040AAC1 /* Preview Assets.xcassets in Resources */ = {isa = PBXBuildFile; fileRef = 1A47CCB428DE1F410040AAC1 /* Preview Assets.xcassets */; };
		1A47CCBF28DE1F410040AAC1 /* sandBoxTests.swift in Sources */ = {isa = PBXBuildFile; fileRef = 1A47CCBE28DE1F410040AAC1 /* sandBoxTests.swift */; };
		1A47CCC928DE1F410040AAC1 /* sandBoxUITests.swift in Sources */ = {isa = PBXBuildFile; fileRef = 1A47CCC828DE1F410040AAC1 /* sandBoxUITests.swift */; };
		1A47CCCB28DE1F410040AAC1 /* sandBoxUITestsLaunchTests.swift in Sources */ = {isa = PBXBuildFile; fileRef = 1A47CCCA28DE1F410040AAC1 /* sandBoxUITestsLaunchTests.swift */; };
		1A7FF4EC28E4E0EF00C60D5A /* View2.swift in Sources */ = {isa = PBXBuildFile; fileRef = 1A7FF4EB28E4E0EF00C60D5A /* View2.swift */; };
		1A7FF4EE28E4E1FA00C60D5A /* View3.swift in Sources */ = {isa = PBXBuildFile; fileRef = 1A7FF4ED28E4E1FA00C60D5A /* View3.swift */; };
		1A83E88F28E35D5900ABD064 /* Exercises2.swift in Sources */ = {isa = PBXBuildFile; fileRef = 1A83E88E28E35D5900ABD064 /* Exercises2.swift */; };
		1AA7F76428E25EDE009F09C7 /* Exercises.swift in Sources */ = {isa = PBXBuildFile; fileRef = 1AA7F76328E25EDE009F09C7 /* Exercises.swift */; };
		1AB4396A28E4A872003410FB /* StateObservedObject.swift in Sources */ = {isa = PBXBuildFile; fileRef = 1AB4396928E4A872003410FB /* StateObservedObject.swift */; };
/* End PBXBuildFile section */

/* Begin PBXContainerItemProxy section */
		1A47CCBB28DE1F410040AAC1 /* PBXContainerItemProxy */ = {
			isa = PBXContainerItemProxy;
			containerPortal = 1A47CCA228DE1F3F0040AAC1 /* Project object */;
			proxyType = 1;
			remoteGlobalIDString = 1A47CCA928DE1F3F0040AAC1;
			remoteInfo = sandBox;
		};
		1A47CCC528DE1F410040AAC1 /* PBXContainerItemProxy */ = {
			isa = PBXContainerItemProxy;
			containerPortal = 1A47CCA228DE1F3F0040AAC1 /* Project object */;
			proxyType = 1;
			remoteGlobalIDString = 1A47CCA928DE1F3F0040AAC1;
			remoteInfo = sandBox;
		};
/* End PBXContainerItemProxy section */

/* Begin PBXFileReference section */
		1A47CCAA28DE1F3F0040AAC1 /* sandBox.app */ = {isa = PBXFileReference; explicitFileType = wrapper.application; includeInIndex = 0; path = sandBox.app; sourceTree = BUILT_PRODUCTS_DIR; };
		1A47CCAD28DE1F3F0040AAC1 /* sandBoxApp.swift */ = {isa = PBXFileReference; lastKnownFileType = sourcecode.swift; path = sandBoxApp.swift; sourceTree = "<group>"; };
		1A47CCAF28DE1F3F0040AAC1 /* View1.swift */ = {isa = PBXFileReference; lastKnownFileType = sourcecode.swift; path = View1.swift; sourceTree = "<group>"; };
		1A47CCB128DE1F410040AAC1 /* Assets.xcassets */ = {isa = PBXFileReference; lastKnownFileType = folder.assetcatalog; path = Assets.xcassets; sourceTree = "<group>"; };
		1A47CCB428DE1F410040AAC1 /* Preview Assets.xcassets */ = {isa = PBXFileReference; lastKnownFileType = folder.assetcatalog; path = "Preview Assets.xcassets"; sourceTree = "<group>"; };
		1A47CCBA28DE1F410040AAC1 /* sandBoxTests.xctest */ = {isa = PBXFileReference; explicitFileType = wrapper.cfbundle; includeInIndex = 0; path = sandBoxTests.xctest; sourceTree = BUILT_PRODUCTS_DIR; };
		1A47CCBE28DE1F410040AAC1 /* sandBoxTests.swift */ = {isa = PBXFileReference; lastKnownFileType = sourcecode.swift; path = sandBoxTests.swift; sourceTree = "<group>"; };
		1A47CCC428DE1F410040AAC1 /* sandBoxUITests.xctest */ = {isa = PBXFileReference; explicitFileType = wrapper.cfbundle; includeInIndex = 0; path = sandBoxUITests.xctest; sourceTree = BUILT_PRODUCTS_DIR; };
		1A47CCC828DE1F410040AAC1 /* sandBoxUITests.swift */ = {isa = PBXFileReference; lastKnownFileType = sourcecode.swift; path = sandBoxUITests.swift; sourceTree = "<group>"; };
		1A47CCCA28DE1F410040AAC1 /* sandBoxUITestsLaunchTests.swift */ = {isa = PBXFileReference; lastKnownFileType = sourcecode.swift; path = sandBoxUITestsLaunchTests.swift; sourceTree = "<group>"; };
		1A7FF4EB28E4E0EF00C60D5A /* View2.swift */ = {isa = PBXFileReference; lastKnownFileType = sourcecode.swift; path = View2.swift; sourceTree = "<group>"; };
		1A7FF4ED28E4E1FA00C60D5A /* View3.swift */ = {isa = PBXFileReference; lastKnownFileType = sourcecode.swift; path = View3.swift; sourceTree = "<group>"; };
		1A83E88E28E35D5900ABD064 /* Exercises2.swift */ = {isa = PBXFileReference; lastKnownFileType = sourcecode.swift; path = Exercises2.swift; sourceTree = "<group>"; };
		1AA7F76328E25EDE009F09C7 /* Exercises.swift */ = {isa = PBXFileReference; lastKnownFileType = sourcecode.swift; path = Exercises.swift; sourceTree = "<group>"; };
		1AB4396928E4A872003410FB /* StateObservedObject.swift */ = {isa = PBXFileReference; lastKnownFileType = sourcecode.swift; path = StateObservedObject.swift; sourceTree = "<group>"; };
/* End PBXFileReference section */

/* Begin PBXFrameworksBuildPhase section */
		1A47CCA728DE1F3F0040AAC1 /* Frameworks */ = {
			isa = PBXFrameworksBuildPhase;
			buildActionMask = 2147483647;
			files = (
			);
			runOnlyForDeploymentPostprocessing = 0;
		};
		1A47CCB728DE1F410040AAC1 /* Frameworks */ = {
			isa = PBXFrameworksBuildPhase;
			buildActionMask = 2147483647;
			files = (
			);
			runOnlyForDeploymentPostprocessing = 0;
		};
		1A47CCC128DE1F410040AAC1 /* Frameworks */ = {
			isa = PBXFrameworksBuildPhase;
			buildActionMask = 2147483647;
			files = (
			);
			runOnlyForDeploymentPostprocessing = 0;
		};
/* End PBXFrameworksBuildPhase section */

/* Begin PBXGroup section */
		1A47CCA128DE1F3F0040AAC1 = {
			isa = PBXGroup;
			children = (
				1A47CCAC28DE1F3F0040AAC1 /* sandBox */,
				1A47CCBD28DE1F410040AAC1 /* sandBoxTests */,
				1A47CCC728DE1F410040AAC1 /* sandBoxUITests */,
				1A47CCAB28DE1F3F0040AAC1 /* Products */,
			);
			sourceTree = "<group>";
		};
		1A47CCAB28DE1F3F0040AAC1 /* Products */ = {
			isa = PBXGroup;
			children = (
				1A47CCAA28DE1F3F0040AAC1 /* sandBox.app */,
				1A47CCBA28DE1F410040AAC1 /* sandBoxTests.xctest */,
				1A47CCC428DE1F410040AAC1 /* sandBoxUITests.xctest */,
			);
			name = Products;
			sourceTree = "<group>";
		};
		1A47CCAC28DE1F3F0040AAC1 /* sandBox */ = {
			isa = PBXGroup;
			children = (
				1AB4396928E4A872003410FB /* StateObservedObject.swift */,
				1A83E88E28E35D5900ABD064 /* Exercises2.swift */,
				1AA7F76328E25EDE009F09C7 /* Exercises.swift */,
				1A47CCAD28DE1F3F0040AAC1 /* sandBoxApp.swift */,
				1A47CCAF28DE1F3F0040AAC1 /* View1.swift */,
				1A7FF4EB28E4E0EF00C60D5A /* View2.swift */,
				1A7FF4ED28E4E1FA00C60D5A /* View3.swift */,
				1A47CCB128DE1F410040AAC1 /* Assets.xcassets */,
				1A47CCB328DE1F410040AAC1 /* Preview Content */,
			);
			path = sandBox;
			sourceTree = "<group>";
		};
		1A47CCB328DE1F410040AAC1 /* Preview Content */ = {
			isa = PBXGroup;
			children = (
				1A47CCB428DE1F410040AAC1 /* Preview Assets.xcassets */,
			);
			path = "Preview Content";
			sourceTree = "<group>";
		};
		1A47CCBD28DE1F410040AAC1 /* sandBoxTests */ = {
			isa = PBXGroup;
			children = (
				1A47CCBE28DE1F410040AAC1 /* sandBoxTests.swift */,
			);
			path = sandBoxTests;
			sourceTree = "<group>";
		};
		1A47CCC728DE1F410040AAC1 /* sandBoxUITests */ = {
			isa = PBXGroup;
			children = (
				1A47CCC828DE1F410040AAC1 /* sandBoxUITests.swift */,
				1A47CCCA28DE1F410040AAC1 /* sandBoxUITestsLaunchTests.swift */,
			);
			path = sandBoxUITests;
			sourceTree = "<group>";
		};
/* End PBXGroup section */

/* Begin PBXNativeTarget section */
		1A47CCA928DE1F3F0040AAC1 /* sandBox */ = {
			isa = PBXNativeTarget;
			buildConfigurationList = 1A47CCCE28DE1F410040AAC1 /* Build configuration list for PBXNativeTarget "sandBox" */;
			buildPhases = (
				1A47CCA628DE1F3F0040AAC1 /* Sources */,
				1A47CCA728DE1F3F0040AAC1 /* Frameworks */,
				1A47CCA828DE1F3F0040AAC1 /* Resources */,
			);
			buildRules = (
			);
			dependencies = (
			);
			name = sandBox;
			productName = sandBox;
			productReference = 1A47CCAA28DE1F3F0040AAC1 /* sandBox.app */;
			productType = "com.apple.product-type.application";
		};
		1A47CCB928DE1F410040AAC1 /* sandBoxTests */ = {
			isa = PBXNativeTarget;
			buildConfigurationList = 1A47CCD128DE1F410040AAC1 /* Build configuration list for PBXNativeTarget "sandBoxTests" */;
			buildPhases = (
				1A47CCB628DE1F410040AAC1 /* Sources */,
				1A47CCB728DE1F410040AAC1 /* Frameworks */,
				1A47CCB828DE1F410040AAC1 /* Resources */,
			);
			buildRules = (
			);
			dependencies = (
				1A47CCBC28DE1F410040AAC1 /* PBXTargetDependency */,
			);
			name = sandBoxTests;
			productName = sandBoxTests;
			productReference = 1A47CCBA28DE1F410040AAC1 /* sandBoxTests.xctest */;
			productType = "com.apple.product-type.bundle.unit-test";
		};
		1A47CCC328DE1F410040AAC1 /* sandBoxUITests */ = {
			isa = PBXNativeTarget;
			buildConfigurationList = 1A47CCD428DE1F410040AAC1 /* Build configuration list for PBXNativeTarget "sandBoxUITests" */;
			buildPhases = (
				1A47CCC028DE1F410040AAC1 /* Sources */,
				1A47CCC128DE1F410040AAC1 /* Frameworks */,
				1A47CCC228DE1F410040AAC1 /* Resources */,
			);
			buildRules = (
			);
			dependencies = (
				1A47CCC628DE1F410040AAC1 /* PBXTargetDependency */,
			);
			name = sandBoxUITests;
			productName = sandBoxUITests;
			productReference = 1A47CCC428DE1F410040AAC1 /* sandBoxUITests.xctest */;
			productType = "com.apple.product-type.bundle.ui-testing";
		};
/* End PBXNativeTarget section */

/* Begin PBXProject section */
		1A47CCA228DE1F3F0040AAC1 /* Project object */ = {
			isa = PBXProject;
			attributes = {
				BuildIndependentTargetsInParallel = 1;
				LastSwiftUpdateCheck = 1400;
				LastUpgradeCheck = 1400;
				TargetAttributes = {
					1A47CCA928DE1F3F0040AAC1 = {
						CreatedOnToolsVersion = 14.0;
					};
					1A47CCB928DE1F410040AAC1 = {
						CreatedOnToolsVersion = 14.0;
						TestTargetID = 1A47CCA928DE1F3F0040AAC1;
					};
					1A47CCC328DE1F410040AAC1 = {
						CreatedOnToolsVersion = 14.0;
						TestTargetID = 1A47CCA928DE1F3F0040AAC1;
					};
				};
			};
			buildConfigurationList = 1A47CCA528DE1F3F0040AAC1 /* Build configuration list for PBXProject "sandBox" */;
			compatibilityVersion = "Xcode 14.0";
			developmentRegion = en;
			hasScannedForEncodings = 0;
			knownRegions = (
				en,
				Base,
			);
			mainGroup = 1A47CCA128DE1F3F0040AAC1;
			productRefGroup = 1A47CCAB28DE1F3F0040AAC1 /* Products */;
			projectDirPath = "";
			projectRoot = "";
			targets = (
				1A47CCA928DE1F3F0040AAC1 /* sandBox */,
				1A47CCB928DE1F410040AAC1 /* sandBoxTests */,
				1A47CCC328DE1F410040AAC1 /* sandBoxUITests */,
			);
		};
/* End PBXProject section */

/* Begin PBXResourcesBuildPhase section */
		1A47CCA828DE1F3F0040AAC1 /* Resources */ = {
			isa = PBXResourcesBuildPhase;
			buildActionMask = 2147483647;
			files = (
				1A47CCB528DE1F410040AAC1 /* Preview Assets.xcassets in Resources */,
				1A47CCB228DE1F410040AAC1 /* Assets.xcassets in Resources */,
			);
			runOnlyForDeploymentPostprocessing = 0;
		};
		1A47CCB828DE1F410040AAC1 /* Resources */ = {
			isa = PBXResourcesBuildPhase;
			buildActionMask = 2147483647;
			files = (
			);
			runOnlyForDeploymentPostprocessing = 0;
		};
		1A47CCC228DE1F410040AAC1 /* Resources */ = {
			isa = PBXResourcesBuildPhase;
			buildActionMask = 2147483647;
			files = (
			);
			runOnlyForDeploymentPostprocessing = 0;
		};
/* End PBXResourcesBuildPhase section */

/* Begin PBXSourcesBuildPhase section */
		1A47CCA628DE1F3F0040AAC1 /* Sources */ = {
			isa = PBXSourcesBuildPhase;
			buildActionMask = 2147483647;
			files = (
				1A83E88F28E35D5900ABD064 /* Exercises2.swift in Sources */,
				1A7FF4EC28E4E0EF00C60D5A /* View2.swift in Sources */,
				1A7FF4EE28E4E1FA00C60D5A /* View3.swift in Sources */,
				1A47CCB028DE1F3F0040AAC1 /* View1.swift in Sources */,
				1AA7F76428E25EDE009F09C7 /* Exercises.swift in Sources */,
				1A47CCAE28DE1F3F0040AAC1 /* sandBoxApp.swift in Sources */,
				1AB4396A28E4A872003410FB /* StateObservedObject.swift in Sources */,
			);
			runOnlyForDeploymentPostprocessing = 0;
		};
		1A47CCB628DE1F410040AAC1 /* Sources */ = {
			isa = PBXSourcesBuildPhase;
			buildActionMask = 2147483647;
			files = (
				1A47CCBF28DE1F410040AAC1 /* sandBoxTests.swift in Sources */,
			);
			runOnlyForDeploymentPostprocessing = 0;
		};
		1A47CCC028DE1F410040AAC1 /* Sources */ = {
			isa = PBXSourcesBuildPhase;
			buildActionMask = 2147483647;
			files = (
				1A47CCCB28DE1F410040AAC1 /* sandBoxUITestsLaunchTests.swift in Sources */,
				1A47CCC928DE1F410040AAC1 /* sandBoxUITests.swift in Sources */,
			);
			runOnlyForDeploymentPostprocessing = 0;
		};
/* End PBXSourcesBuildPhase section */

/* Begin PBXTargetDependency section */
		1A47CCBC28DE1F410040AAC1 /* PBXTargetDependency */ = {
			isa = PBXTargetDependency;
			target = 1A47CCA928DE1F3F0040AAC1 /* sandBox */;
			targetProxy = 1A47CCBB28DE1F410040AAC1 /* PBXContainerItemProxy */;
		};
		1A47CCC628DE1F410040AAC1 /* PBXTargetDependency */ = {
			isa = PBXTargetDependency;
			target = 1A47CCA928DE1F3F0040AAC1 /* sandBox */;
			targetProxy = 1A47CCC528DE1F410040AAC1 /* PBXContainerItemProxy */;
		};
/* End PBXTargetDependency section */

/* Begin XCBuildConfiguration section */
		1A47CCCC28DE1F410040AAC1 /* Debug */ = {
			isa = XCBuildConfiguration;
			buildSettings = {
				ALWAYS_SEARCH_USER_PATHS = NO;
				CLANG_ANALYZER_NONNULL = YES;
				CLANG_ANALYZER_NUMBER_OBJECT_CONVERSION = YES_AGGRESSIVE;
				CLANG_CXX_LANGUAGE_STANDARD = "gnu++20";
				CLANG_ENABLE_MODULES = YES;
				CLANG_ENABLE_OBJC_ARC = YES;
				CLANG_ENABLE_OBJC_WEAK = YES;
				CLANG_WARN_BLOCK_CAPTURE_AUTORELEASING = YES;
				CLANG_WARN_BOOL_CONVERSION = YES;
				CLANG_WARN_COMMA = YES;
				CLANG_WARN_CONSTANT_CONVERSION = YES;
				CLANG_WARN_DEPRECATED_OBJC_IMPLEMENTATIONS = YES;
				CLANG_WARN_DIRECT_OBJC_ISA_USAGE = YES_ERROR;
				CLANG_WARN_DOCUMENTATION_COMMENTS = YES;
				CLANG_WARN_EMPTY_BODY = YES;
				CLANG_WARN_ENUM_CONVERSION = YES;
				CLANG_WARN_INFINITE_RECURSION = YES;
				CLANG_WARN_INT_CONVERSION = YES;
				CLANG_WARN_NON_LITERAL_NULL_CONVERSION = YES;
				CLANG_WARN_OBJC_IMPLICIT_RETAIN_SELF = YES;
				CLANG_WARN_OBJC_LITERAL_CONVERSION = YES;
				CLANG_WARN_OBJC_ROOT_CLASS = YES_ERROR;
				CLANG_WARN_QUOTED_INCLUDE_IN_FRAMEWORK_HEADER = YES;
				CLANG_WARN_RANGE_LOOP_ANALYSIS = YES;
				CLANG_WARN_STRICT_PROTOTYPES = YES;
				CLANG_WARN_SUSPICIOUS_MOVE = YES;
				CLANG_WARN_UNGUARDED_AVAILABILITY = YES_AGGRESSIVE;
				CLANG_WARN_UNREACHABLE_CODE = YES;
				CLANG_WARN__DUPLICATE_METHOD_MATCH = YES;
				COPY_PHASE_STRIP = NO;
				DEBUG_INFORMATION_FORMAT = dwarf;
				ENABLE_STRICT_OBJC_MSGSEND = YES;
				ENABLE_TESTABILITY = YES;
				GCC_C_LANGUAGE_STANDARD = gnu11;
				GCC_DYNAMIC_NO_PIC = NO;
				GCC_NO_COMMON_BLOCKS = YES;
				GCC_OPTIMIZATION_LEVEL = 0;
				GCC_PREPROCESSOR_DEFINITIONS = (
					"DEBUG=1",
					"$(inherited)",
				);
				GCC_WARN_64_TO_32_BIT_CONVERSION = YES;
				GCC_WARN_ABOUT_RETURN_TYPE = YES_ERROR;
				GCC_WARN_UNDECLARED_SELECTOR = YES;
				GCC_WARN_UNINITIALIZED_AUTOS = YES_AGGRESSIVE;
				GCC_WARN_UNUSED_FUNCTION = YES;
				GCC_WARN_UNUSED_VARIABLE = YES;
				IPHONEOS_DEPLOYMENT_TARGET = 16.0;
				MTL_ENABLE_DEBUG_INFO = INCLUDE_SOURCE;
				MTL_FAST_MATH = YES;
				ONLY_ACTIVE_ARCH = YES;
				SDKROOT = iphoneos;
				SWIFT_ACTIVE_COMPILATION_CONDITIONS = DEBUG;
				SWIFT_OPTIMIZATION_LEVEL = "-Onone";
			};
			name = Debug;
		};
		1A47CCCD28DE1F410040AAC1 /* Release */ = {
			isa = XCBuildConfiguration;
			buildSettings = {
				ALWAYS_SEARCH_USER_PATHS = NO;
				CLANG_ANALYZER_NONNULL = YES;
				CLANG_ANALYZER_NUMBER_OBJECT_CONVERSION = YES_AGGRESSIVE;
				CLANG_CXX_LANGUAGE_STANDARD = "gnu++20";
				CLANG_ENABLE_MODULES = YES;
				CLANG_ENABLE_OBJC_ARC = YES;
				CLANG_ENABLE_OBJC_WEAK = YES;
				CLANG_WARN_BLOCK_CAPTURE_AUTORELEASING = YES;
				CLANG_WARN_BOOL_CONVERSION = YES;
				CLANG_WARN_COMMA = YES;
				CLANG_WARN_CONSTANT_CONVERSION = YES;
				CLANG_WARN_DEPRECATED_OBJC_IMPLEMENTATIONS = YES;
				CLANG_WARN_DIRECT_OBJC_ISA_USAGE = YES_ERROR;
				CLANG_WARN_DOCUMENTATION_COMMENTS = YES;
				CLANG_WARN_EMPTY_BODY = YES;
				CLANG_WARN_ENUM_CONVERSION = YES;
				CLANG_WARN_INFINITE_RECURSION = YES;
				CLANG_WARN_INT_CONVERSION = YES;
				CLANG_WARN_NON_LITERAL_NULL_CONVERSION = YES;
				CLANG_WARN_OBJC_IMPLICIT_RETAIN_SELF = YES;
				CLANG_WARN_OBJC_LITERAL_CONVERSION = YES;
				CLANG_WARN_OBJC_ROOT_CLASS = YES_ERROR;
				CLANG_WARN_QUOTED_INCLUDE_IN_FRAMEWORK_HEADER = YES;
				CLANG_WARN_RANGE_LOOP_ANALYSIS = YES;
				CLANG_WARN_STRICT_PROTOTYPES = YES;
				CLANG_WARN_SUSPICIOUS_MOVE = YES;
				CLANG_WARN_UNGUARDED_AVAILABILITY = YES_AGGRESSIVE;
				CLANG_WARN_UNREACHABLE_CODE = YES;
				CLANG_WARN__DUPLICATE_METHOD_MATCH = YES;
				COPY_PHASE_STRIP = NO;
				DEBUG_INFORMATION_FORMAT = "dwarf-with-dsym";
				ENABLE_NS_ASSERTIONS = NO;
				ENABLE_STRICT_OBJC_MSGSEND = YES;
				GCC_C_LANGUAGE_STANDARD = gnu11;
				GCC_NO_COMMON_BLOCKS = YES;
				GCC_WARN_64_TO_32_BIT_CONVERSION = YES;
				GCC_WARN_ABOUT_RETURN_TYPE = YES_ERROR;
				GCC_WARN_UNDECLARED_SELECTOR = YES;
				GCC_WARN_UNINITIALIZED_AUTOS = YES_AGGRESSIVE;
				GCC_WARN_UNUSED_FUNCTION = YES;
				GCC_WARN_UNUSED_VARIABLE = YES;
				IPHONEOS_DEPLOYMENT_TARGET = 16.0;
				MTL_ENABLE_DEBUG_INFO = NO;
				MTL_FAST_MATH = YES;
				SDKROOT = iphoneos;
				SWIFT_COMPILATION_MODE = wholemodule;
				SWIFT_OPTIMIZATION_LEVEL = "-O";
				VALIDATE_PRODUCT = YES;
			};
			name = Release;
		};
		1A47CCCF28DE1F410040AAC1 /* Debug */ = {
			isa = XCBuildConfiguration;
			buildSettings = {
				ASSETCATALOG_COMPILER_APPICON_NAME = AppIcon;
				ASSETCATALOG_COMPILER_GLOBAL_ACCENT_COLOR_NAME = AccentColor;
				CODE_SIGN_STYLE = Automatic;
				CURRENT_PROJECT_VERSION = 1;
				DEVELOPMENT_ASSET_PATHS = "\"sandBox/Preview Content\"";
				ENABLE_PREVIEWS = YES;
				GENERATE_INFOPLIST_FILE = YES;
				INFOPLIST_KEY_UIApplicationSceneManifest_Generation = YES;
				INFOPLIST_KEY_UIApplicationSupportsIndirectInputEvents = YES;
				INFOPLIST_KEY_UILaunchScreen_Generation = YES;
				INFOPLIST_KEY_UISupportedInterfaceOrientations_iPad = "UIInterfaceOrientationPortrait UIInterfaceOrientationPortraitUpsideDown UIInterfaceOrientationLandscapeLeft UIInterfaceOrientationLandscapeRight";
				INFOPLIST_KEY_UISupportedInterfaceOrientations_iPhone = "UIInterfaceOrientationPortrait UIInterfaceOrientationLandscapeLeft UIInterfaceOrientationLandscapeRight";
				LD_RUNPATH_SEARCH_PATHS = (
					"$(inherited)",
					"@executable_path/Frameworks",
				);
				MARKETING_VERSION = 1.0;
				PRODUCT_BUNDLE_IDENTIFIER = sanboxInc.sandBox;
				PRODUCT_NAME = "$(TARGET_NAME)";
				SWIFT_EMIT_LOC_STRINGS = YES;
				SWIFT_VERSION = 5.0;
				TARGETED_DEVICE_FAMILY = "1,2";
			};
			name = Debug;
		};
		1A47CCD028DE1F410040AAC1 /* Release */ = {
			isa = XCBuildConfiguration;
			buildSettings = {
				ASSETCATALOG_COMPILER_APPICON_NAME = AppIcon;
				ASSETCATALOG_COMPILER_GLOBAL_ACCENT_COLOR_NAME = AccentColor;
				CODE_SIGN_STYLE = Automatic;
				CURRENT_PROJECT_VERSION = 1;
				DEVELOPMENT_ASSET_PATHS = "\"sandBox/Preview Content\"";
				ENABLE_PREVIEWS = YES;
				GENERATE_INFOPLIST_FILE = YES;
				INFOPLIST_KEY_UIApplicationSceneManifest_Generation = YES;
				INFOPLIST_KEY_UIApplicationSupportsIndirectInputEvents = YES;
				INFOPLIST_KEY_UILaunchScreen_Generation = YES;
				INFOPLIST_KEY_UISupportedInterfaceOrientations_iPad = "UIInterfaceOrientationPortrait UIInterfaceOrientationPortraitUpsideDown UIInterfaceOrientationLandscapeLeft UIInterfaceOrientationLandscapeRight";
				INFOPLIST_KEY_UISupportedInterfaceOrientations_iPhone = "UIInterfaceOrientationPortrait UIInterfaceOrientationLandscapeLeft UIInterfaceOrientationLandscapeRight";
				LD_RUNPATH_SEARCH_PATHS = (
					"$(inherited)",
					"@executable_path/Frameworks",
				);
				MARKETING_VERSION = 1.0;
				PRODUCT_BUNDLE_IDENTIFIER = sanboxInc.sandBox;
				PRODUCT_NAME = "$(TARGET_NAME)";
				SWIFT_EMIT_LOC_STRINGS = YES;
				SWIFT_VERSION = 5.0;
				TARGETED_DEVICE_FAMILY = "1,2";
			};
			name = Release;
		};
		1A47CCD228DE1F410040AAC1 /* Debug */ = {
			isa = XCBuildConfiguration;
			buildSettings = {
				ALWAYS_EMBED_SWIFT_STANDARD_LIBRARIES = YES;
				BUNDLE_LOADER = "$(TEST_HOST)";
				CODE_SIGN_STYLE = Automatic;
				CURRENT_PROJECT_VERSION = 1;
				GENERATE_INFOPLIST_FILE = YES;
				IPHONEOS_DEPLOYMENT_TARGET = 16.0;
				MARKETING_VERSION = 1.0;
				PRODUCT_BUNDLE_IDENTIFIER = sanboxInc.sandBoxTests;
				PRODUCT_NAME = "$(TARGET_NAME)";
				SWIFT_EMIT_LOC_STRINGS = NO;
				SWIFT_VERSION = 5.0;
				TARGETED_DEVICE_FAMILY = "1,2";
				TEST_HOST = "$(BUILT_PRODUCTS_DIR)/sandBox.app/$(BUNDLE_EXECUTABLE_FOLDER_PATH)/sandBox";
			};
			name = Debug;
		};
		1A47CCD328DE1F410040AAC1 /* Release */ = {
			isa = XCBuildConfiguration;
			buildSettings = {
				ALWAYS_EMBED_SWIFT_STANDARD_LIBRARIES = YES;
				BUNDLE_LOADER = "$(TEST_HOST)";
				CODE_SIGN_STYLE = Automatic;
				CURRENT_PROJECT_VERSION = 1;
				GENERATE_INFOPLIST_FILE = YES;
				IPHONEOS_DEPLOYMENT_TARGET = 16.0;
				MARKETING_VERSION = 1.0;
				PRODUCT_BUNDLE_IDENTIFIER = sanboxInc.sandBoxTests;
				PRODUCT_NAME = "$(TARGET_NAME)";
				SWIFT_EMIT_LOC_STRINGS = NO;
				SWIFT_VERSION = 5.0;
				TARGETED_DEVICE_FAMILY = "1,2";
				TEST_HOST = "$(BUILT_PRODUCTS_DIR)/sandBox.app/$(BUNDLE_EXECUTABLE_FOLDER_PATH)/sandBox";
			};
			name = Release;
		};
		1A47CCD528DE1F410040AAC1 /* Debug */ = {
			isa = XCBuildConfiguration;
			buildSettings = {
				ALWAYS_EMBED_SWIFT_STANDARD_LIBRARIES = YES;
				CODE_SIGN_STYLE = Automatic;
				CURRENT_PROJECT_VERSION = 1;
				GENERATE_INFOPLIST_FILE = YES;
				MARKETING_VERSION = 1.0;
				PRODUCT_BUNDLE_IDENTIFIER = sanboxInc.sandBoxUITests;
				PRODUCT_NAME = "$(TARGET_NAME)";
				SWIFT_EMIT_LOC_STRINGS = NO;
				SWIFT_VERSION = 5.0;
				TARGETED_DEVICE_FAMILY = "1,2";
				TEST_TARGET_NAME = sandBox;
			};
			name = Debug;
		};
		1A47CCD628DE1F410040AAC1 /* Release */ = {
			isa = XCBuildConfiguration;
			buildSettings = {
				ALWAYS_EMBED_SWIFT_STANDARD_LIBRARIES = YES;
				CODE_SIGN_STYLE = Automatic;
				CURRENT_PROJECT_VERSION = 1;
				GENERATE_INFOPLIST_FILE = YES;
				MARKETING_VERSION = 1.0;
				PRODUCT_BUNDLE_IDENTIFIER = sanboxInc.sandBoxUITests;
				PRODUCT_NAME = "$(TARGET_NAME)";
				SWIFT_EMIT_LOC_STRINGS = NO;
				SWIFT_VERSION = 5.0;
				TARGETED_DEVICE_FAMILY = "1,2";
				TEST_TARGET_NAME = sandBox;
			};
			name = Release;
		};
/* End XCBuildConfiguration section */

/* Begin XCConfigurationList section */
		1A47CCA528DE1F3F0040AAC1 /* Build configuration list for PBXProject "sandBox" */ = {
			isa = XCConfigurationList;
			buildConfigurations = (
				1A47CCCC28DE1F410040AAC1 /* Debug */,
				1A47CCCD28DE1F410040AAC1 /* Release */,
			);
			defaultConfigurationIsVisible = 0;
			defaultConfigurationName = Release;
		};
		1A47CCCE28DE1F410040AAC1 /* Build configuration list for PBXNativeTarget "sandBox" */ = {
			isa = XCConfigurationList;
			buildConfigurations = (
				1A47CCCF28DE1F410040AAC1 /* Debug */,
				1A47CCD028DE1F410040AAC1 /* Release */,
			);
			defaultConfigurationIsVisible = 0;
			defaultConfigurationName = Release;
		};
		1A47CCD128DE1F410040AAC1 /* Build configuration list for PBXNativeTarget "sandBoxTests" */ = {
			isa = XCConfigurationList;
			buildConfigurations = (
				1A47CCD228DE1F410040AAC1 /* Debug */,
				1A47CCD328DE1F410040AAC1 /* Release */,
			);
			defaultConfigurationIsVisible = 0;
			defaultConfigurationName = Release;
		};
		1A47CCD428DE1F410040AAC1 /* Build configuration list for PBXNativeTarget "sandBoxUITests" */ = {
			isa = XCConfigurationList;
			buildConfigurations = (
				1A47CCD528DE1F410040AAC1 /* Debug */,
				1A47CCD628DE1F410040AAC1 /* Release */,
			);
			defaultConfigurationIsVisible = 0;
			defaultConfigurationName = Release;
		};
/* End XCConfigurationList section */
	};
	rootObject = 1A47CCA228DE1F3F0040AAC1 /* Project object */;
}
